
Microsoft Visual Studio Solution File, Format Version 12.00
# Visual Studio 15
VisualStudioVersion = 15.0.27703.2047
MinimumVisualStudioVersion = 10.0.40219.1
Project("{FAE04EC0-301F-11D3-BF4B-00C04F79EFBC}") = "test3", "test3\test3.csproj", "{D22D0A10-2187-4ED2-9033-780396105DC4}"
EndProject
Global
	GlobalSection(SolutionConfigurationPlatforms) = preSolution
		Debug|Any CPU = Debug|Any CPU
		Release|Any CPU = Release|Any CPU
	EndGlobalSection
	GlobalSection(ProjectConfigurationPlatforms) = postSolution
		{D22D0A10-2187-4ED2-9033-780396105DC4}.Debug|Any CPU.ActiveCfg = Debug|Any CPU
		{D22D0A10-2187-4ED2-9033-780396105DC4}.Debug|Any CPU.Build.0 = Debug|Any CPU
		{D22D0A10-2187-4ED2-9033-780396105DC4}.Release|Any CPU.ActiveCfg = Release|Any CPU
		{D22D0A10-2187-4ED2-9033-780396105DC4}.Release|Any CPU.Build.0 = Release|Any CPU
	EndGlobalSection
	GlobalSection(SolutionProperties) = preSolution
		HideSolutionNode = FALSE
	EndGlobalSection
	GlobalSection(ExtensibilityGlobals) = postSolution
		SolutionGuid = {E68F0BD1-D32A-46F4-B15A-2D86E63ED8BC}
	EndGlobalSection
EndGlobal
