
Microsoft Visual Studio Solution File, Format Version 12.00
# Visual Studio 15
VisualStudioVersion = 15.0.27703.2047
MinimumVisualStudioVersion = 10.0.40219.1
Project("{FAE04EC0-301F-11D3-BF4B-00C04F79EFBC}") = "testg", "testg\testg.csproj", "{4879E082-DE55-476D-939D-1B73BE4A1482}"
EndProject
Global
	GlobalSection(SolutionConfigurationPlatforms) = preSolution
		Debug|Any CPU = Debug|Any CPU
		Release|Any CPU = Release|Any CPU
	EndGlobalSection
	GlobalSection(ProjectConfigurationPlatforms) = postSolution
		{4879E082-DE55-476D-939D-1B73BE4A1482}.Debug|Any CPU.ActiveCfg = Debug|Any CPU
		{4879E082-DE55-476D-939D-1B73BE4A1482}.Debug|Any CPU.Build.0 = Debug|Any CPU
		{4879E082-DE55-476D-939D-1B73BE4A1482}.Release|Any CPU.ActiveCfg = Release|Any CPU
		{4879E082-DE55-476D-939D-1B73BE4A1482}.Release|Any CPU.Build.0 = Release|Any CPU
	EndGlobalSection
	GlobalSection(SolutionProperties) = preSolution
		HideSolutionNode = FALSE
	EndGlobalSection
	GlobalSection(ExtensibilityGlobals) = postSolution
		SolutionGuid = {C4CA51FF-689E-4E59-8836-07C438B6E2CF}
	EndGlobalSection
EndGlobal
